
Microsoft Visual Studio Solution File, Format Version 12.00
# Visual Studio Version 16
VisualStudioVersion = 16.0.29728.190
MinimumVisualStudioVersion = 10.0.40219.1
Project("{FAE04EC0-301F-11D3-BF4B-00C04F79EFBC}") = "Aprendizaje1", "Aprendizaje1\Aprendizaje1.csproj", "{19A6E959-5795-4D96-B03C-7BB7FBCAD176}"
EndProject
Global
	GlobalSection(SolutionConfigurationPlatforms) = preSolution
		Debug|Any CPU = Debug|Any CPU
		Release|Any CPU = Release|Any CPU
	EndGlobalSection
	GlobalSection(ProjectConfigurationPlatforms) = postSolution
		{19A6E959-5795-4D96-B03C-7BB7FBCAD176}.Debug|Any CPU.ActiveCfg = Debug|Any CPU
		{19A6E959-5795-4D96-B03C-7BB7FBCAD176}.Debug|Any CPU.Build.0 = Debug|Any CPU
		{19A6E959-5795-4D96-B03C-7BB7FBCAD176}.Release|Any CPU.ActiveCfg = Release|Any CPU
		{19A6E959-5795-4D96-B03C-7BB7FBCAD176}.Release|Any CPU.Build.0 = Release|Any CPU
	EndGlobalSection
	GlobalSection(SolutionProperties) = preSolution
		HideSolutionNode = FALSE
	EndGlobalSection
	GlobalSection(ExtensibilityGlobals) = postSolution
		SolutionGuid = {97B2B4B5-BB57-4825-AADB-ABEAD51B831F}
	EndGlobalSection
EndGlobal
